
Microsoft Visual Studio Solution File, Format Version 11.00
# Visual Studio 2010
Project("{FAE04EC0-301F-11D3-BF4B-00C04F79EFBC}") = "SportsStore.Domain", "SportsStore.Domain\SportsStore.Domain.csproj", "{37B1CBE4-3E46-4F2B-B916-352FCD2886E0}"
EndProject
Project("{FAE04EC0-301F-11D3-BF4B-00C04F79EFBC}") = "SportsStore.WebUI", "SportsStore.WebUI\SportsStore.WebUI.csproj", "{F35CA2B5-7450-40DC-A516-6767F9E91617}"
	ProjectSection(ProjectDependencies) = postProject
		{37B1CBE4-3E46-4F2B-B916-352FCD2886E0} = {37B1CBE4-3E46-4F2B-B916-352FCD2886E0}
	EndProjectSection
EndProject
Project("{2150E333-8FDC-42A3-9474-1A3956D46DE8}") = "Solution Items", "Solution Items", "{68A85FB0-6E8B-4EB1-BC18-F1FAF3CE29C2}"
	ProjectSection(SolutionItems) = preProject
		Local.testsettings = Local.testsettings
		SportsStore.vsmdi = SportsStore.vsmdi
		TraceAndTestImpact.testsettings = TraceAndTestImpact.testsettings
	EndProjectSection
EndProject
Project("{FAE04EC0-301F-11D3-BF4B-00C04F79EFBC}") = "UnitTests", "UnitTests\UnitTests.csproj", "{249E8311-B348-4E92-B5DE-0FA31C64CDE2}"
EndProject
Global
	GlobalSection(TestCaseManagementSettings) = postSolution
		CategoryFile = SportsStore.vsmdi
	EndGlobalSection
	GlobalSection(SolutionConfigurationPlatforms) = preSolution
		Debug|Any CPU = Debug|Any CPU
		Release|Any CPU = Release|Any CPU
	EndGlobalSection
	GlobalSection(ProjectConfigurationPlatforms) = postSolution
		{37B1CBE4-3E46-4F2B-B916-352FCD2886E0}.Debug|Any CPU.ActiveCfg = Debug|Any CPU
		{37B1CBE4-3E46-4F2B-B916-352FCD2886E0}.Debug|Any CPU.Build.0 = Debug|Any CPU
		{37B1CBE4-3E46-4F2B-B916-352FCD2886E0}.Release|Any CPU.ActiveCfg = Release|Any CPU
		{37B1CBE4-3E46-4F2B-B916-352FCD2886E0}.Release|Any CPU.Build.0 = Release|Any CPU
		{F35CA2B5-7450-40DC-A516-6767F9E91617}.Debug|Any CPU.ActiveCfg = Debug|Any CPU
		{F35CA2B5-7450-40DC-A516-6767F9E91617}.Debug|Any CPU.Build.0 = Debug|Any CPU
		{F35CA2B5-7450-40DC-A516-6767F9E91617}.Release|Any CPU.ActiveCfg = Release|Any CPU
		{F35CA2B5-7450-40DC-A516-6767F9E91617}.Release|Any CPU.Build.0 = Release|Any CPU
		{249E8311-B348-4E92-B5DE-0FA31C64CDE2}.Debug|Any CPU.ActiveCfg = Debug|Any CPU
		{249E8311-B348-4E92-B5DE-0FA31C64CDE2}.Debug|Any CPU.Build.0 = Debug|Any CPU
		{249E8311-B348-4E92-B5DE-0FA31C64CDE2}.Release|Any CPU.ActiveCfg = Release|Any CPU
		{249E8311-B348-4E92-B5DE-0FA31C64CDE2}.Release|Any CPU.Build.0 = Release|Any CPU
	EndGlobalSection
	GlobalSection(SolutionProperties) = preSolution
		HideSolutionNode = FALSE
	EndGlobalSection
EndGlobal
